
Microsoft Visual Studio Solution File, Format Version 12.00
# Visual Studio 15
VisualStudioVersion = 15.0.28307.1231
MinimumVisualStudioVersion = 10.0.40219.1
Project("{9A19103F-16F7-4668-BE54-9A1E7A4F7556}") = "ConsoleApp1", "ConsoleApp1\ConsoleApp1.csproj", "{DAEF32BB-D109-4146-8B3C-ADDADCDCE572}"
EndProject
Project("{FAE04EC0-301F-11D3-BF4B-00C04F79EFBC}") = "TracerLib", "ClassLibrary1\TracerLib.csproj", "{0250F2D4-E751-4519-873B-B3AEA6F583D7}"
EndProject
Project("{FAE04EC0-301F-11D3-BF4B-00C04F79EFBC}") = "ConsoleOut", "ConsoleApp2\ConsoleOut.csproj", "{F63ED33F-F8AF-4C2B-AD7F-7BFEF2B7C0FA}"
EndProject
Global
	GlobalSection(SolutionConfigurationPlatforms) = preSolution
		Debug|Any CPU = Debug|Any CPU
		Release|Any CPU = Release|Any CPU
	EndGlobalSection
	GlobalSection(ProjectConfigurationPlatforms) = postSolution
		{DAEF32BB-D109-4146-8B3C-ADDADCDCE572}.Debug|Any CPU.ActiveCfg = Debug|Any CPU
		{DAEF32BB-D109-4146-8B3C-ADDADCDCE572}.Debug|Any CPU.Build.0 = Debug|Any CPU
		{DAEF32BB-D109-4146-8B3C-ADDADCDCE572}.Release|Any CPU.ActiveCfg = Release|Any CPU
		{DAEF32BB-D109-4146-8B3C-ADDADCDCE572}.Release|Any CPU.Build.0 = Release|Any CPU
		{0250F2D4-E751-4519-873B-B3AEA6F583D7}.Debug|Any CPU.ActiveCfg = Debug|Any CPU
		{0250F2D4-E751-4519-873B-B3AEA6F583D7}.Debug|Any CPU.Build.0 = Debug|Any CPU
		{0250F2D4-E751-4519-873B-B3AEA6F583D7}.Release|Any CPU.ActiveCfg = Release|Any CPU
		{0250F2D4-E751-4519-873B-B3AEA6F583D7}.Release|Any CPU.Build.0 = Release|Any CPU
		{F63ED33F-F8AF-4C2B-AD7F-7BFEF2B7C0FA}.Debug|Any CPU.ActiveCfg = Debug|Any CPU
		{F63ED33F-F8AF-4C2B-AD7F-7BFEF2B7C0FA}.Debug|Any CPU.Build.0 = Debug|Any CPU
		{F63ED33F-F8AF-4C2B-AD7F-7BFEF2B7C0FA}.Release|Any CPU.ActiveCfg = Release|Any CPU
		{F63ED33F-F8AF-4C2B-AD7F-7BFEF2B7C0FA}.Release|Any CPU.Build.0 = Release|Any CPU
	EndGlobalSection
	GlobalSection(SolutionProperties) = preSolution
		HideSolutionNode = FALSE
	EndGlobalSection
	GlobalSection(ExtensibilityGlobals) = postSolution
		SolutionGuid = {A0DB1E21-69C8-4EC5-8E13-39F6219170F7}
	EndGlobalSection
EndGlobal
